
Microsoft Visual Studio Solution File, Format Version 12.00
# Visual Studio Version 17
VisualStudioVersion = 17.2.32616.157
MinimumVisualStudioVersion = 10.0.40219.1
Project("{FAE04EC0-301F-11D3-BF4B-00C04F79EFBC}") = "FinStarAPI", "FinStarAPI\FinStarAPI.csproj", "{4AA4F2EE-6C9D-4F95-A9F3-4A390C205450}"
EndProject
Project("{FAE04EC0-301F-11D3-BF4B-00C04F79EFBC}") = "FinStarEntity", "FinStarEntity\FinStarEntity.csproj", "{FB933C7F-7FD9-463B-B507-70E535CBDE2B}"
EndProject
Global
	GlobalSection(SolutionConfigurationPlatforms) = preSolution
		Debug|Any CPU = Debug|Any CPU
		Release|Any CPU = Release|Any CPU
	EndGlobalSection
	GlobalSection(ProjectConfigurationPlatforms) = postSolution
		{4AA4F2EE-6C9D-4F95-A9F3-4A390C205450}.Debug|Any CPU.ActiveCfg = Debug|Any CPU
		{4AA4F2EE-6C9D-4F95-A9F3-4A390C205450}.Debug|Any CPU.Build.0 = Debug|Any CPU
		{4AA4F2EE-6C9D-4F95-A9F3-4A390C205450}.Release|Any CPU.ActiveCfg = Release|Any CPU
		{4AA4F2EE-6C9D-4F95-A9F3-4A390C205450}.Release|Any CPU.Build.0 = Release|Any CPU
		{FB933C7F-7FD9-463B-B507-70E535CBDE2B}.Debug|Any CPU.ActiveCfg = Debug|Any CPU
		{FB933C7F-7FD9-463B-B507-70E535CBDE2B}.Debug|Any CPU.Build.0 = Debug|Any CPU
		{FB933C7F-7FD9-463B-B507-70E535CBDE2B}.Release|Any CPU.ActiveCfg = Release|Any CPU
		{FB933C7F-7FD9-463B-B507-70E535CBDE2B}.Release|Any CPU.Build.0 = Release|Any CPU
	EndGlobalSection
	GlobalSection(SolutionProperties) = preSolution
		HideSolutionNode = FALSE
	EndGlobalSection
	GlobalSection(ExtensibilityGlobals) = postSolution
		SolutionGuid = {CDA0140F-F36A-47D7-A0E1-7D6C62F0E76C}
	EndGlobalSection
EndGlobal
